{
  "requires": true,
  "lockfileVersion": 1,
  "dependencies": {
    "beepbeep": {
      "version": "1.3.0",
      "resolved": "https://registry.npmjs.org/beepbeep/-/beepbeep-1.3.0.tgz",
      "integrity": "sha512-11LndKDm4yoWDfAAfamuT4OZSeNyDOE7xDWrvSjK369bEdZHDECAESyrqnXB5qbgODEASJX9GUz1ZdGfIJFpUQ=="
    }
  }
}
